
Microsoft Visual Studio Solution File, Format Version 12.00
# Visual Studio 15
VisualStudioVersion = 15.0.28307.572
MinimumVisualStudioVersion = 10.0.40219.1
Project("{FAE04EC0-301F-11D3-BF4B-00C04F79EFBC}") = "LinuxTcpServerDotnetCore", "LinuxTcpServerDotnetCore\LinuxTcpServerDotnetCore.csproj", "{151C5C77-91BD-4866-8677-EEDAACF2B786}"
EndProject
Global
	GlobalSection(SolutionConfigurationPlatforms) = preSolution
		Debug|Any CPU = Debug|Any CPU
		Release|Any CPU = Release|Any CPU
	EndGlobalSection
	GlobalSection(ProjectConfigurationPlatforms) = postSolution
		{151C5C77-91BD-4866-8677-EEDAACF2B786}.Debug|Any CPU.ActiveCfg = Debug|Any CPU
		{151C5C77-91BD-4866-8677-EEDAACF2B786}.Debug|Any CPU.Build.0 = Debug|Any CPU
		{151C5C77-91BD-4866-8677-EEDAACF2B786}.Release|Any CPU.ActiveCfg = Release|Any CPU
		{151C5C77-91BD-4866-8677-EEDAACF2B786}.Release|Any CPU.Build.0 = Release|Any CPU
	EndGlobalSection
	GlobalSection(SolutionProperties) = preSolution
		HideSolutionNode = FALSE
	EndGlobalSection
	GlobalSection(ExtensibilityGlobals) = postSolution
		SolutionGuid = {F0786DB5-4DF4-42AE-88EB-F68A22B193D5}
	EndGlobalSection
EndGlobal
